
Microsoft Visual Studio Solution File, Format Version 12.00
# Visual Studio Version 17
VisualStudioVersion = 17.0.31903.59
MinimumVisualStudioVersion = 10.0.40219.1
Project("{F2A71F9B-5D33-465A-A702-920D77279786}") = "Day01", "Day01\fsharp\Day01.fsproj", "{099939B3-628A-4BEF-92C0-F700BF9257A5}"
EndProject
Project("{F2A71F9B-5D33-465A-A702-920D77279786}") = "Day02", "Day02\fsharp\Day02.fsproj", "{1260F28C-0CD1-4A0E-A4D4-F1A8360F7B54}"
EndProject
Project("{F2A71F9B-5D33-465A-A702-920D77279786}") = "Day03", "Day03\fsharp\Day03.fsproj", "{BBB29E06-A7D7-4844-BCDB-956540A2E238}"
EndProject
Project("{F2A71F9B-5D33-465A-A702-920D77279786}") = "Day04", "Day04\fsharp\Day04.fsproj", "{0F46D8A7-B9C5-419F-8BF2-180F9FBF22E3}"
EndProject
Project("{F2A71F9B-5D33-465A-A702-920D77279786}") = "Day05", "Day05\fsharp\Day05.fsproj", "{6E89DF70-8511-43ED-A67D-47123B446CC1}"
EndProject
Project("{F2A71F9B-5D33-465A-A702-920D77279786}") = "Day06", "Day06\fsharp\Day06.fsproj", "{F16C6054-5B84-430B-9799-4133BBC7399C}"
EndProject
Project("{F2A71F9B-5D33-465A-A702-920D77279786}") = "Day07", "Day07\fsharp\Day07.fsproj", "{594F0F48-3B00-40C5-B8AA-974E6650E955}"
EndProject
Project("{F2A71F9B-5D33-465A-A702-920D77279786}") = "Day08", "Day08\fsharp\Day08.fsproj", "{B537B1BC-A346-45D1-B987-6B221BE474B9}"
EndProject
Project("{F2A71F9B-5D33-465A-A702-920D77279786}") = "Day09", "Day09\fsharp\Day09.fsproj", "{193F2A5E-FA45-433D-B929-D7B3634B16BD}"
EndProject
Project("{F2A71F9B-5D33-465A-A702-920D77279786}") = "Day10", "Day10\fsharp\Day10.fsproj", "{5138641D-7693-4237-9E54-6AB971B039F3}"
EndProject
Project("{F2A71F9B-5D33-465A-A702-920D77279786}") = "Day11", "Day11\fsharp\Day11.fsproj", "{F36AADC2-8EE2-4541-BE12-4F9CC9DE534C}"
EndProject
Project("{F2A71F9B-5D33-465A-A702-920D77279786}") = "Day12", "Day12\fsharp\Day12.fsproj", "{B809DE1C-0A14-441B-91FF-7DA561496647}"
EndProject
Project("{F2A71F9B-5D33-465A-A702-920D77279786}") = "Day13", "Day13\fsharp\Day13.fsproj", "{124C7389-049C-4047-A3C4-D218559C3B01}"
EndProject
Project("{F2A71F9B-5D33-465A-A702-920D77279786}") = "Day14", "Day14\fsharp\Day14.fsproj", "{9136997D-4E64-415A-A2C0-37297619C492}"
EndProject
Project("{F2A71F9B-5D33-465A-A702-920D77279786}") = "Day15", "Day15\fsharp\Day15.fsproj", "{8B6D4F78-3D21-4783-B537-B15D58BEB9CE}"
EndProject
Project("{F2A71F9B-5D33-465A-A702-920D77279786}") = "Day16", "Day16\fsharp\Day16.fsproj", "{142A5FF6-1BA5-4156-910E-061DE6EFBB59}"
EndProject
Project("{F2A71F9B-5D33-465A-A702-920D77279786}") = "Day17", "Day17\fsharp\Day17.fsproj", "{0EE31AA1-363B-4ECF-861F-7D2E61B36B4C}"
EndProject
Project("{F2A71F9B-5D33-465A-A702-920D77279786}") = "Day18", "Day18\fsharp\Day18.fsproj", "{F6FE5312-D7F7-44D8-8B44-60CC5F891F0C}"
EndProject
Project("{F2A71F9B-5D33-465A-A702-920D77279786}") = "Day19", "Day19\fsharp\Day19.fsproj", "{EFF8FA55-C543-4378-BDB3-B7FAF8D49F9C}"
EndProject
Project("{F2A71F9B-5D33-465A-A702-920D77279786}") = "Day20", "Day20\fsharp\Day20.fsproj", "{E3BA1747-21ED-4D98-9390-DCFC9442F38E}"
EndProject
Project("{F2A71F9B-5D33-465A-A702-920D77279786}") = "Day21", "Day21\fsharp\Day21.fsproj", "{0A26CCB2-8676-4FFA-A9DC-12282068C415}"
EndProject
Project("{F2A71F9B-5D33-465A-A702-920D77279786}") = "Day22", "Day22\fsharp\Day22.fsproj", "{4612741E-45D4-4919-863C-76D5349992E5}"
EndProject
Project("{F2A71F9B-5D33-465A-A702-920D77279786}") = "Day23", "Day23\fsharp\Day23.fsproj", "{DD39F70A-A65A-42AD-B487-08A4A1D8F94A}"
EndProject
Project("{F2A71F9B-5D33-465A-A702-920D77279786}") = "Day24", "Day24\fsharp\Day24.fsproj", "{A28868A6-C74F-4950-B893-52068D93A10E}"
EndProject
Project("{F2A71F9B-5D33-465A-A702-920D77279786}") = "Day25", "Day25\fsharp\Day25.fsproj", "{EC15238E-967D-4B32-834E-FC7A54DDB3BB}"
EndProject
Project("{2150E333-8FDC-42A3-9474-1A3956D46DE8}") = "Solution Items", "Solution Items", "{2E18C03F-4939-4718-8F74-2478AE7F4D4C}"
	ProjectSection(SolutionItems) = preProject
		LICENSE = LICENSE
		README.md = README.md
		.gitignore = .gitignore
		global.json = global.json
	EndProjectSection
EndProject
Global
	GlobalSection(SolutionConfigurationPlatforms) = preSolution
		Debug|Any CPU = Debug|Any CPU
		Release|Any CPU = Release|Any CPU
	EndGlobalSection
	GlobalSection(SolutionProperties) = preSolution
		HideSolutionNode = FALSE
	EndGlobalSection
	GlobalSection(ProjectConfigurationPlatforms) = postSolution
		{099939B3-628A-4BEF-92C0-F700BF9257A5}.Debug|Any CPU.ActiveCfg = Debug|Any CPU
		{099939B3-628A-4BEF-92C0-F700BF9257A5}.Debug|Any CPU.Build.0 = Debug|Any CPU
		{099939B3-628A-4BEF-92C0-F700BF9257A5}.Release|Any CPU.ActiveCfg = Release|Any CPU
		{099939B3-628A-4BEF-92C0-F700BF9257A5}.Release|Any CPU.Build.0 = Release|Any CPU
		{1260F28C-0CD1-4A0E-A4D4-F1A8360F7B54}.Debug|Any CPU.ActiveCfg = Debug|Any CPU
		{1260F28C-0CD1-4A0E-A4D4-F1A8360F7B54}.Debug|Any CPU.Build.0 = Debug|Any CPU
		{1260F28C-0CD1-4A0E-A4D4-F1A8360F7B54}.Release|Any CPU.ActiveCfg = Release|Any CPU
		{1260F28C-0CD1-4A0E-A4D4-F1A8360F7B54}.Release|Any CPU.Build.0 = Release|Any CPU
		{BBB29E06-A7D7-4844-BCDB-956540A2E238}.Debug|Any CPU.ActiveCfg = Debug|Any CPU
		{BBB29E06-A7D7-4844-BCDB-956540A2E238}.Debug|Any CPU.Build.0 = Debug|Any CPU
		{BBB29E06-A7D7-4844-BCDB-956540A2E238}.Release|Any CPU.ActiveCfg = Release|Any CPU
		{BBB29E06-A7D7-4844-BCDB-956540A2E238}.Release|Any CPU.Build.0 = Release|Any CPU
		{0F46D8A7-B9C5-419F-8BF2-180F9FBF22E3}.Debug|Any CPU.ActiveCfg = Debug|Any CPU
		{0F46D8A7-B9C5-419F-8BF2-180F9FBF22E3}.Debug|Any CPU.Build.0 = Debug|Any CPU
		{0F46D8A7-B9C5-419F-8BF2-180F9FBF22E3}.Release|Any CPU.ActiveCfg = Release|Any CPU
		{0F46D8A7-B9C5-419F-8BF2-180F9FBF22E3}.Release|Any CPU.Build.0 = Release|Any CPU
		{6E89DF70-8511-43ED-A67D-47123B446CC1}.Debug|Any CPU.ActiveCfg = Debug|Any CPU
		{6E89DF70-8511-43ED-A67D-47123B446CC1}.Debug|Any CPU.Build.0 = Debug|Any CPU
		{6E89DF70-8511-43ED-A67D-47123B446CC1}.Release|Any CPU.ActiveCfg = Release|Any CPU
		{6E89DF70-8511-43ED-A67D-47123B446CC1}.Release|Any CPU.Build.0 = Release|Any CPU
		{F16C6054-5B84-430B-9799-4133BBC7399C}.Debug|Any CPU.ActiveCfg = Debug|Any CPU
		{F16C6054-5B84-430B-9799-4133BBC7399C}.Debug|Any CPU.Build.0 = Debug|Any CPU
		{F16C6054-5B84-430B-9799-4133BBC7399C}.Release|Any CPU.ActiveCfg = Release|Any CPU
		{F16C6054-5B84-430B-9799-4133BBC7399C}.Release|Any CPU.Build.0 = Release|Any CPU
		{594F0F48-3B00-40C5-B8AA-974E6650E955}.Debug|Any CPU.ActiveCfg = Debug|Any CPU
		{594F0F48-3B00-40C5-B8AA-974E6650E955}.Debug|Any CPU.Build.0 = Debug|Any CPU
		{594F0F48-3B00-40C5-B8AA-974E6650E955}.Release|Any CPU.ActiveCfg = Release|Any CPU
		{594F0F48-3B00-40C5-B8AA-974E6650E955}.Release|Any CPU.Build.0 = Release|Any CPU
		{B537B1BC-A346-45D1-B987-6B221BE474B9}.Debug|Any CPU.ActiveCfg = Debug|Any CPU
		{B537B1BC-A346-45D1-B987-6B221BE474B9}.Debug|Any CPU.Build.0 = Debug|Any CPU
		{B537B1BC-A346-45D1-B987-6B221BE474B9}.Release|Any CPU.ActiveCfg = Release|Any CPU
		{B537B1BC-A346-45D1-B987-6B221BE474B9}.Release|Any CPU.Build.0 = Release|Any CPU
		{193F2A5E-FA45-433D-B929-D7B3634B16BD}.Debug|Any CPU.ActiveCfg = Debug|Any CPU
		{193F2A5E-FA45-433D-B929-D7B3634B16BD}.Debug|Any CPU.Build.0 = Debug|Any CPU
		{193F2A5E-FA45-433D-B929-D7B3634B16BD}.Release|Any CPU.ActiveCfg = Release|Any CPU
		{193F2A5E-FA45-433D-B929-D7B3634B16BD}.Release|Any CPU.Build.0 = Release|Any CPU
		{5138641D-7693-4237-9E54-6AB971B039F3}.Debug|Any CPU.ActiveCfg = Debug|Any CPU
		{5138641D-7693-4237-9E54-6AB971B039F3}.Debug|Any CPU.Build.0 = Debug|Any CPU
		{5138641D-7693-4237-9E54-6AB971B039F3}.Release|Any CPU.ActiveCfg = Release|Any CPU
		{5138641D-7693-4237-9E54-6AB971B039F3}.Release|Any CPU.Build.0 = Release|Any CPU
		{F36AADC2-8EE2-4541-BE12-4F9CC9DE534C}.Debug|Any CPU.ActiveCfg = Debug|Any CPU
		{F36AADC2-8EE2-4541-BE12-4F9CC9DE534C}.Debug|Any CPU.Build.0 = Debug|Any CPU
		{F36AADC2-8EE2-4541-BE12-4F9CC9DE534C}.Release|Any CPU.ActiveCfg = Release|Any CPU
		{F36AADC2-8EE2-4541-BE12-4F9CC9DE534C}.Release|Any CPU.Build.0 = Release|Any CPU
		{B809DE1C-0A14-441B-91FF-7DA561496647}.Debug|Any CPU.ActiveCfg = Debug|Any CPU
		{B809DE1C-0A14-441B-91FF-7DA561496647}.Debug|Any CPU.Build.0 = Debug|Any CPU
		{B809DE1C-0A14-441B-91FF-7DA561496647}.Release|Any CPU.ActiveCfg = Release|Any CPU
		{B809DE1C-0A14-441B-91FF-7DA561496647}.Release|Any CPU.Build.0 = Release|Any CPU
		{124C7389-049C-4047-A3C4-D218559C3B01}.Debug|Any CPU.ActiveCfg = Debug|Any CPU
		{124C7389-049C-4047-A3C4-D218559C3B01}.Debug|Any CPU.Build.0 = Debug|Any CPU
		{124C7389-049C-4047-A3C4-D218559C3B01}.Release|Any CPU.ActiveCfg = Release|Any CPU
		{124C7389-049C-4047-A3C4-D218559C3B01}.Release|Any CPU.Build.0 = Release|Any CPU
		{9136997D-4E64-415A-A2C0-37297619C492}.Debug|Any CPU.ActiveCfg = Debug|Any CPU
		{9136997D-4E64-415A-A2C0-37297619C492}.Debug|Any CPU.Build.0 = Debug|Any CPU
		{9136997D-4E64-415A-A2C0-37297619C492}.Release|Any CPU.ActiveCfg = Release|Any CPU
		{9136997D-4E64-415A-A2C0-37297619C492}.Release|Any CPU.Build.0 = Release|Any CPU
		{8B6D4F78-3D21-4783-B537-B15D58BEB9CE}.Debug|Any CPU.ActiveCfg = Debug|Any CPU
		{8B6D4F78-3D21-4783-B537-B15D58BEB9CE}.Debug|Any CPU.Build.0 = Debug|Any CPU
		{8B6D4F78-3D21-4783-B537-B15D58BEB9CE}.Release|Any CPU.ActiveCfg = Release|Any CPU
		{8B6D4F78-3D21-4783-B537-B15D58BEB9CE}.Release|Any CPU.Build.0 = Release|Any CPU
		{142A5FF6-1BA5-4156-910E-061DE6EFBB59}.Debug|Any CPU.ActiveCfg = Debug|Any CPU
		{142A5FF6-1BA5-4156-910E-061DE6EFBB59}.Debug|Any CPU.Build.0 = Debug|Any CPU
		{142A5FF6-1BA5-4156-910E-061DE6EFBB59}.Release|Any CPU.ActiveCfg = Release|Any CPU
		{142A5FF6-1BA5-4156-910E-061DE6EFBB59}.Release|Any CPU.Build.0 = Release|Any CPU
		{0EE31AA1-363B-4ECF-861F-7D2E61B36B4C}.Debug|Any CPU.ActiveCfg = Debug|Any CPU
		{0EE31AA1-363B-4ECF-861F-7D2E61B36B4C}.Debug|Any CPU.Build.0 = Debug|Any CPU
		{0EE31AA1-363B-4ECF-861F-7D2E61B36B4C}.Release|Any CPU.ActiveCfg = Release|Any CPU
		{0EE31AA1-363B-4ECF-861F-7D2E61B36B4C}.Release|Any CPU.Build.0 = Release|Any CPU
		{F6FE5312-D7F7-44D8-8B44-60CC5F891F0C}.Debug|Any CPU.ActiveCfg = Debug|Any CPU
		{F6FE5312-D7F7-44D8-8B44-60CC5F891F0C}.Debug|Any CPU.Build.0 = Debug|Any CPU
		{F6FE5312-D7F7-44D8-8B44-60CC5F891F0C}.Release|Any CPU.ActiveCfg = Release|Any CPU
		{F6FE5312-D7F7-44D8-8B44-60CC5F891F0C}.Release|Any CPU.Build.0 = Release|Any CPU
		{EFF8FA55-C543-4378-BDB3-B7FAF8D49F9C}.Debug|Any CPU.ActiveCfg = Debug|Any CPU
		{EFF8FA55-C543-4378-BDB3-B7FAF8D49F9C}.Debug|Any CPU.Build.0 = Debug|Any CPU
		{EFF8FA55-C543-4378-BDB3-B7FAF8D49F9C}.Release|Any CPU.ActiveCfg = Release|Any CPU
		{EFF8FA55-C543-4378-BDB3-B7FAF8D49F9C}.Release|Any CPU.Build.0 = Release|Any CPU
		{E3BA1747-21ED-4D98-9390-DCFC9442F38E}.Debug|Any CPU.ActiveCfg = Debug|Any CPU
		{E3BA1747-21ED-4D98-9390-DCFC9442F38E}.Debug|Any CPU.Build.0 = Debug|Any CPU
		{E3BA1747-21ED-4D98-9390-DCFC9442F38E}.Release|Any CPU.ActiveCfg = Release|Any CPU
		{E3BA1747-21ED-4D98-9390-DCFC9442F38E}.Release|Any CPU.Build.0 = Release|Any CPU
		{0A26CCB2-8676-4FFA-A9DC-12282068C415}.Debug|Any CPU.ActiveCfg = Debug|Any CPU
		{0A26CCB2-8676-4FFA-A9DC-12282068C415}.Debug|Any CPU.Build.0 = Debug|Any CPU
		{0A26CCB2-8676-4FFA-A9DC-12282068C415}.Release|Any CPU.ActiveCfg = Release|Any CPU
		{0A26CCB2-8676-4FFA-A9DC-12282068C415}.Release|Any CPU.Build.0 = Release|Any CPU
		{4612741E-45D4-4919-863C-76D5349992E5}.Debug|Any CPU.ActiveCfg = Debug|Any CPU
		{4612741E-45D4-4919-863C-76D5349992E5}.Debug|Any CPU.Build.0 = Debug|Any CPU
		{4612741E-45D4-4919-863C-76D5349992E5}.Release|Any CPU.ActiveCfg = Release|Any CPU
		{4612741E-45D4-4919-863C-76D5349992E5}.Release|Any CPU.Build.0 = Release|Any CPU
		{DD39F70A-A65A-42AD-B487-08A4A1D8F94A}.Debug|Any CPU.ActiveCfg = Debug|Any CPU
		{DD39F70A-A65A-42AD-B487-08A4A1D8F94A}.Debug|Any CPU.Build.0 = Debug|Any CPU
		{DD39F70A-A65A-42AD-B487-08A4A1D8F94A}.Release|Any CPU.ActiveCfg = Release|Any CPU
		{DD39F70A-A65A-42AD-B487-08A4A1D8F94A}.Release|Any CPU.Build.0 = Release|Any CPU
		{A28868A6-C74F-4950-B893-52068D93A10E}.Debug|Any CPU.ActiveCfg = Debug|Any CPU
		{A28868A6-C74F-4950-B893-52068D93A10E}.Debug|Any CPU.Build.0 = Debug|Any CPU
		{A28868A6-C74F-4950-B893-52068D93A10E}.Release|Any CPU.ActiveCfg = Release|Any CPU
		{A28868A6-C74F-4950-B893-52068D93A10E}.Release|Any CPU.Build.0 = Release|Any CPU
		{EC15238E-967D-4B32-834E-FC7A54DDB3BB}.Debug|Any CPU.ActiveCfg = Debug|Any CPU
		{EC15238E-967D-4B32-834E-FC7A54DDB3BB}.Debug|Any CPU.Build.0 = Debug|Any CPU
		{EC15238E-967D-4B32-834E-FC7A54DDB3BB}.Release|Any CPU.ActiveCfg = Release|Any CPU
		{EC15238E-967D-4B32-834E-FC7A54DDB3BB}.Release|Any CPU.Build.0 = Release|Any CPU
	EndGlobalSection
EndGlobal
