
Microsoft Visual Studio Solution File, Format Version 12.00
# Visual Studio Version 17
VisualStudioVersion = 17.0.31903.59
MinimumVisualStudioVersion = 10.0.40219.1
Project("{2150E333-8FDC-42A3-9474-1A3956D46DE8}") = "fsharp", "fsharp", "{64D1B47A-6FE0-4E13-A826-A0FBD03B2882}"
EndProject
Project("{F2A71F9B-5D33-465A-A702-920D77279786}") = "Day01", "Day01\fsharp\Day01.fsproj", "{3B4E548A-E9A1-42EC-A158-28A44E541106}"
EndProject
Project("{F2A71F9B-5D33-465A-A702-920D77279786}") = "Day02", "Day02\fsharp\Day02.fsproj", "{44BE92F1-CE16-46BC-91A0-A9F87118F07E}"
EndProject
Project("{F2A71F9B-5D33-465A-A702-920D77279786}") = "Day03", "Day03\fsharp\Day03.fsproj", "{A6C0E42F-0050-4072-BBE8-5159C19D58FF}"
EndProject
Project("{F2A71F9B-5D33-465A-A702-920D77279786}") = "Day04", "Day04\fsharp\Day04.fsproj", "{048461D2-2F48-41C3-AECD-675BCC0CBA82}"
EndProject
Project("{F2A71F9B-5D33-465A-A702-920D77279786}") = "Day05", "Day05\fsharp\Day05.fsproj", "{3600DE20-78A1-4B7A-A5EF-FF9B4C786460}"
EndProject
Project("{F2A71F9B-5D33-465A-A702-920D77279786}") = "Day06", "Day06\fsharp\Day06.fsproj", "{73266A22-CC42-4707-93DD-11D6C5FB6EAE}"
EndProject
Project("{F2A71F9B-5D33-465A-A702-920D77279786}") = "Day07", "Day07\fsharp\Day07.fsproj", "{6550CB3A-3BFE-44DA-829B-A2CF20431DEB}"
EndProject
Project("{F2A71F9B-5D33-465A-A702-920D77279786}") = "Day08", "Day08\fsharp\Day08.fsproj", "{3F414BE9-A28A-4745-8D9C-24B9BB57AC78}"
EndProject
Project("{F2A71F9B-5D33-465A-A702-920D77279786}") = "Day09", "Day09\fsharp\Day09.fsproj", "{E1B28C8D-B81E-4E9F-AF44-A962899C3BF0}"
EndProject
Project("{F2A71F9B-5D33-465A-A702-920D77279786}") = "Day10", "Day10\fsharp\Day10.fsproj", "{87075D8B-4C6B-43E6-A87B-FE27A79E0151}"
EndProject
Project("{F2A71F9B-5D33-465A-A702-920D77279786}") = "Day11", "Day11\fsharp\Day11.fsproj", "{65E26217-0B1C-4BAC-BD50-83B6935E2777}"
EndProject
Project("{F2A71F9B-5D33-465A-A702-920D77279786}") = "Day12", "Day12\fsharp\Day12.fsproj", "{E099934B-709E-4136-8AAC-A12C796426A9}"
EndProject
Project("{F2A71F9B-5D33-465A-A702-920D77279786}") = "Day13", "Day13\fsharp\Day13.fsproj", "{233ADAF4-F6B0-4D4E-82BB-F825A0E9D3F5}"
EndProject
Project("{F2A71F9B-5D33-465A-A702-920D77279786}") = "Day14", "Day14\fsharp\Day14.fsproj", "{60B9B803-3E2D-4F2F-A0DF-00B9B5DB9878}"
EndProject
Project("{F2A71F9B-5D33-465A-A702-920D77279786}") = "Day15", "Day15\fsharp\Day15.fsproj", "{0BBB55F0-DE44-4448-A570-661E9A60C437}"
EndProject
Project("{F2A71F9B-5D33-465A-A702-920D77279786}") = "Day16", "Day16\fsharp\Day16.fsproj", "{CAAC363A-6725-46DB-97C8-70AA087DDC1A}"
EndProject
Project("{F2A71F9B-5D33-465A-A702-920D77279786}") = "Day17", "Day17\fsharp\Day17.fsproj", "{3434C7C1-439E-475A-B0E0-074B02723BC1}"
EndProject
Project("{F2A71F9B-5D33-465A-A702-920D77279786}") = "Day18", "Day18\fsharp\Day18.fsproj", "{F7E14373-59AA-41A1-841A-966DE0189AC3}"
EndProject
Project("{F2A71F9B-5D33-465A-A702-920D77279786}") = "Day19", "Day19\fsharp\Day19.fsproj", "{DAE5EB7B-1E56-4C08-BCE8-882C3CC26399}"
EndProject
Project("{F2A71F9B-5D33-465A-A702-920D77279786}") = "Day20", "Day20\fsharp\Day20.fsproj", "{46DCEFEA-95CB-48DE-B91C-E7CF210255A3}"
EndProject
Project("{F2A71F9B-5D33-465A-A702-920D77279786}") = "Day21", "Day21\fsharp\Day21.fsproj", "{6C4A4629-D66C-4CA5-A9D5-7302B7F0617A}"
EndProject
Project("{F2A71F9B-5D33-465A-A702-920D77279786}") = "Day22", "Day22\fsharp\Day22.fsproj", "{3F53094C-3782-477D-85A3-CACBE7A51A66}"
EndProject
Project("{F2A71F9B-5D33-465A-A702-920D77279786}") = "Day23", "Day23\fsharp\Day23.fsproj", "{D590FAC3-9084-4FFC-BEEE-F995E6BE8BF4}"
EndProject
Project("{F2A71F9B-5D33-465A-A702-920D77279786}") = "Day24", "Day24\fsharp\Day24.fsproj", "{B1502D0B-714B-4FB6-BA30-DBE999563382}"
EndProject
Project("{F2A71F9B-5D33-465A-A702-920D77279786}") = "Day25", "Day25\fsharp\Day25.fsproj", "{BA5AE251-F667-499B-B485-3FF3BB065D77}"
EndProject
Project("{2150E333-8FDC-42A3-9474-1A3956D46DE8}") = "csharp", "csharp", "{0F0FD7DC-795F-427B-BDDB-BB6BD82CA739}"
EndProject
Project("{FAE04EC0-301F-11D3-BF4B-00C04F79EFBC}") = "Day01", "Day01\csharp\Day01.csproj", "{84634AA5-7C96-4DF2-B67C-090DCC831788}"
EndProject
Project("{FAE04EC0-301F-11D3-BF4B-00C04F79EFBC}") = "Day02", "Day02\csharp\Day02.csproj", "{0E739CD3-681F-4912-85D0-BFB235F14E4D}"
EndProject
Project("{FAE04EC0-301F-11D3-BF4B-00C04F79EFBC}") = "Day03", "Day03\csharp\Day03.csproj", "{0FD17DFE-93A8-4661-8808-E7A50E3BD91F}"
EndProject
Project("{FAE04EC0-301F-11D3-BF4B-00C04F79EFBC}") = "Day04", "Day04\csharp\Day04.csproj", "{43136857-4A7B-4B70-BF2A-6E8CA68A574E}"
EndProject
Project("{FAE04EC0-301F-11D3-BF4B-00C04F79EFBC}") = "Day05", "Day05\csharp\Day05.csproj", "{DA1BCF24-7C2F-4690-9443-603480791F66}"
EndProject
Project("{FAE04EC0-301F-11D3-BF4B-00C04F79EFBC}") = "Day06", "Day06\csharp\Day06.csproj", "{EB394735-E867-40BE-8661-902BBC5F3B26}"
EndProject
Project("{FAE04EC0-301F-11D3-BF4B-00C04F79EFBC}") = "Day07", "Day07\csharp\Day07.csproj", "{A4CEC54E-7A62-4C42-94BE-3C4163ECEDAE}"
EndProject
Project("{FAE04EC0-301F-11D3-BF4B-00C04F79EFBC}") = "Day08", "Day08\csharp\Day08.csproj", "{1F092DF4-CA3B-443E-949F-F8F98CBD31CE}"
EndProject
Project("{FAE04EC0-301F-11D3-BF4B-00C04F79EFBC}") = "Day09", "Day09\csharp\Day09.csproj", "{3FF7DDA6-8486-4049-B34E-67D92D5B472F}"
EndProject
Project("{FAE04EC0-301F-11D3-BF4B-00C04F79EFBC}") = "Day10", "Day10\csharp\Day10.csproj", "{081AB33E-2388-4835-A3F7-2008FC3CA2DD}"
EndProject
Project("{FAE04EC0-301F-11D3-BF4B-00C04F79EFBC}") = "Day11", "Day11\csharp\Day11.csproj", "{85A7540A-CF16-4750-B235-28A42DF70D0A}"
EndProject
Project("{FAE04EC0-301F-11D3-BF4B-00C04F79EFBC}") = "Day12", "Day12\csharp\Day12.csproj", "{44C7002B-36E6-4000-8F4F-029B2F5E6DFC}"
EndProject
Project("{FAE04EC0-301F-11D3-BF4B-00C04F79EFBC}") = "Day13", "Day13\csharp\Day13.csproj", "{78C5B425-D485-488B-84E3-4D742312E6E7}"
EndProject
Project("{FAE04EC0-301F-11D3-BF4B-00C04F79EFBC}") = "Day14", "Day14\csharp\Day14.csproj", "{3DF2A44B-BE89-4FFD-9BA2-FD17F0B6392B}"
EndProject
Project("{FAE04EC0-301F-11D3-BF4B-00C04F79EFBC}") = "Day15", "Day15\csharp\Day15.csproj", "{7866B413-79BC-47D7-95B2-34DB887EBCD1}"
EndProject
Project("{FAE04EC0-301F-11D3-BF4B-00C04F79EFBC}") = "Day16", "Day16\csharp\Day16.csproj", "{99CFC3FC-F8D5-406F-8970-C6989B95E096}"
EndProject
Project("{FAE04EC0-301F-11D3-BF4B-00C04F79EFBC}") = "Day17", "Day17\csharp\Day17.csproj", "{BB07069D-9D54-430F-94F1-E8E5973B5886}"
EndProject
Project("{FAE04EC0-301F-11D3-BF4B-00C04F79EFBC}") = "Day18", "Day18\csharp\Day18.csproj", "{051C1A73-01D8-4C9F-937D-29E0C21EE670}"
EndProject
Project("{FAE04EC0-301F-11D3-BF4B-00C04F79EFBC}") = "Day19", "Day19\csharp\Day19.csproj", "{D9ACD12A-F5C2-485E-B6B1-C53DBDBAA952}"
EndProject
Project("{FAE04EC0-301F-11D3-BF4B-00C04F79EFBC}") = "Day20", "Day20\csharp\Day20.csproj", "{2E408128-152B-48D5-80F7-AEDEB9D9899B}"
EndProject
Project("{FAE04EC0-301F-11D3-BF4B-00C04F79EFBC}") = "Day21", "Day21\csharp\Day21.csproj", "{28DDCAF4-5750-4758-8C4F-96F74456517E}"
EndProject
Project("{FAE04EC0-301F-11D3-BF4B-00C04F79EFBC}") = "Day22", "Day22\csharp\Day22.csproj", "{C938041B-D3F5-4CF6-8D01-9457918A2BA6}"
EndProject
Project("{FAE04EC0-301F-11D3-BF4B-00C04F79EFBC}") = "Day23", "Day23\csharp\Day23.csproj", "{B5C75CC9-D147-4C06-A5FB-D161E852DAD3}"
EndProject
Project("{FAE04EC0-301F-11D3-BF4B-00C04F79EFBC}") = "Day24", "Day24\csharp\Day24.csproj", "{93538783-B5C7-4B8D-B055-FC5011D64832}"
EndProject
Project("{FAE04EC0-301F-11D3-BF4B-00C04F79EFBC}") = "Day25", "Day25\csharp\Day25.csproj", "{8FA83E66-A3CF-44C9-BBD5-4AB6F7CB5B43}"
EndProject
Project("{2150E333-8FDC-42A3-9474-1A3956D46DE8}") = "Solution Items", "Solution Items", "{07BFD485-DC0A-47F2-A8D8-1E98A68DE18D}"
	ProjectSection(SolutionItems) = preProject
		.gitignore = .gitignore
		global.json = global.json
		LICENSE = LICENSE
		Makefile = Makefile
		README.md = README.md
	EndProjectSection
EndProject
Global
	GlobalSection(SolutionConfigurationPlatforms) = preSolution
		Debug|Any CPU = Debug|Any CPU
		Release|Any CPU = Release|Any CPU
	EndGlobalSection
	GlobalSection(SolutionProperties) = preSolution
		HideSolutionNode = FALSE
	EndGlobalSection
	GlobalSection(ProjectConfigurationPlatforms) = postSolution
		{3B4E548A-E9A1-42EC-A158-28A44E541106}.Debug|Any CPU.ActiveCfg = Debug|Any CPU
		{3B4E548A-E9A1-42EC-A158-28A44E541106}.Debug|Any CPU.Build.0 = Debug|Any CPU
		{3B4E548A-E9A1-42EC-A158-28A44E541106}.Release|Any CPU.ActiveCfg = Release|Any CPU
		{3B4E548A-E9A1-42EC-A158-28A44E541106}.Release|Any CPU.Build.0 = Release|Any CPU
		{44BE92F1-CE16-46BC-91A0-A9F87118F07E}.Debug|Any CPU.ActiveCfg = Debug|Any CPU
		{44BE92F1-CE16-46BC-91A0-A9F87118F07E}.Debug|Any CPU.Build.0 = Debug|Any CPU
		{44BE92F1-CE16-46BC-91A0-A9F87118F07E}.Release|Any CPU.ActiveCfg = Release|Any CPU
		{44BE92F1-CE16-46BC-91A0-A9F87118F07E}.Release|Any CPU.Build.0 = Release|Any CPU
		{A6C0E42F-0050-4072-BBE8-5159C19D58FF}.Debug|Any CPU.ActiveCfg = Debug|Any CPU
		{A6C0E42F-0050-4072-BBE8-5159C19D58FF}.Debug|Any CPU.Build.0 = Debug|Any CPU
		{A6C0E42F-0050-4072-BBE8-5159C19D58FF}.Release|Any CPU.ActiveCfg = Release|Any CPU
		{A6C0E42F-0050-4072-BBE8-5159C19D58FF}.Release|Any CPU.Build.0 = Release|Any CPU
		{048461D2-2F48-41C3-AECD-675BCC0CBA82}.Debug|Any CPU.ActiveCfg = Debug|Any CPU
		{048461D2-2F48-41C3-AECD-675BCC0CBA82}.Debug|Any CPU.Build.0 = Debug|Any CPU
		{048461D2-2F48-41C3-AECD-675BCC0CBA82}.Release|Any CPU.ActiveCfg = Release|Any CPU
		{048461D2-2F48-41C3-AECD-675BCC0CBA82}.Release|Any CPU.Build.0 = Release|Any CPU
		{3600DE20-78A1-4B7A-A5EF-FF9B4C786460}.Debug|Any CPU.ActiveCfg = Debug|Any CPU
		{3600DE20-78A1-4B7A-A5EF-FF9B4C786460}.Debug|Any CPU.Build.0 = Debug|Any CPU
		{3600DE20-78A1-4B7A-A5EF-FF9B4C786460}.Release|Any CPU.ActiveCfg = Release|Any CPU
		{3600DE20-78A1-4B7A-A5EF-FF9B4C786460}.Release|Any CPU.Build.0 = Release|Any CPU
		{73266A22-CC42-4707-93DD-11D6C5FB6EAE}.Debug|Any CPU.ActiveCfg = Debug|Any CPU
		{73266A22-CC42-4707-93DD-11D6C5FB6EAE}.Debug|Any CPU.Build.0 = Debug|Any CPU
		{73266A22-CC42-4707-93DD-11D6C5FB6EAE}.Release|Any CPU.ActiveCfg = Release|Any CPU
		{73266A22-CC42-4707-93DD-11D6C5FB6EAE}.Release|Any CPU.Build.0 = Release|Any CPU
		{6550CB3A-3BFE-44DA-829B-A2CF20431DEB}.Debug|Any CPU.ActiveCfg = Debug|Any CPU
		{6550CB3A-3BFE-44DA-829B-A2CF20431DEB}.Debug|Any CPU.Build.0 = Debug|Any CPU
		{6550CB3A-3BFE-44DA-829B-A2CF20431DEB}.Release|Any CPU.ActiveCfg = Release|Any CPU
		{6550CB3A-3BFE-44DA-829B-A2CF20431DEB}.Release|Any CPU.Build.0 = Release|Any CPU
		{3F414BE9-A28A-4745-8D9C-24B9BB57AC78}.Debug|Any CPU.ActiveCfg = Debug|Any CPU
		{3F414BE9-A28A-4745-8D9C-24B9BB57AC78}.Debug|Any CPU.Build.0 = Debug|Any CPU
		{3F414BE9-A28A-4745-8D9C-24B9BB57AC78}.Release|Any CPU.ActiveCfg = Release|Any CPU
		{3F414BE9-A28A-4745-8D9C-24B9BB57AC78}.Release|Any CPU.Build.0 = Release|Any CPU
		{E1B28C8D-B81E-4E9F-AF44-A962899C3BF0}.Debug|Any CPU.ActiveCfg = Debug|Any CPU
		{E1B28C8D-B81E-4E9F-AF44-A962899C3BF0}.Debug|Any CPU.Build.0 = Debug|Any CPU
		{E1B28C8D-B81E-4E9F-AF44-A962899C3BF0}.Release|Any CPU.ActiveCfg = Release|Any CPU
		{E1B28C8D-B81E-4E9F-AF44-A962899C3BF0}.Release|Any CPU.Build.0 = Release|Any CPU
		{87075D8B-4C6B-43E6-A87B-FE27A79E0151}.Debug|Any CPU.ActiveCfg = Debug|Any CPU
		{87075D8B-4C6B-43E6-A87B-FE27A79E0151}.Debug|Any CPU.Build.0 = Debug|Any CPU
		{87075D8B-4C6B-43E6-A87B-FE27A79E0151}.Release|Any CPU.ActiveCfg = Release|Any CPU
		{87075D8B-4C6B-43E6-A87B-FE27A79E0151}.Release|Any CPU.Build.0 = Release|Any CPU
		{65E26217-0B1C-4BAC-BD50-83B6935E2777}.Debug|Any CPU.ActiveCfg = Debug|Any CPU
		{65E26217-0B1C-4BAC-BD50-83B6935E2777}.Debug|Any CPU.Build.0 = Debug|Any CPU
		{65E26217-0B1C-4BAC-BD50-83B6935E2777}.Release|Any CPU.ActiveCfg = Release|Any CPU
		{65E26217-0B1C-4BAC-BD50-83B6935E2777}.Release|Any CPU.Build.0 = Release|Any CPU
		{E099934B-709E-4136-8AAC-A12C796426A9}.Debug|Any CPU.ActiveCfg = Debug|Any CPU
		{E099934B-709E-4136-8AAC-A12C796426A9}.Debug|Any CPU.Build.0 = Debug|Any CPU
		{E099934B-709E-4136-8AAC-A12C796426A9}.Release|Any CPU.ActiveCfg = Release|Any CPU
		{E099934B-709E-4136-8AAC-A12C796426A9}.Release|Any CPU.Build.0 = Release|Any CPU
		{233ADAF4-F6B0-4D4E-82BB-F825A0E9D3F5}.Debug|Any CPU.ActiveCfg = Debug|Any CPU
		{233ADAF4-F6B0-4D4E-82BB-F825A0E9D3F5}.Debug|Any CPU.Build.0 = Debug|Any CPU
		{233ADAF4-F6B0-4D4E-82BB-F825A0E9D3F5}.Release|Any CPU.ActiveCfg = Release|Any CPU
		{233ADAF4-F6B0-4D4E-82BB-F825A0E9D3F5}.Release|Any CPU.Build.0 = Release|Any CPU
		{60B9B803-3E2D-4F2F-A0DF-00B9B5DB9878}.Debug|Any CPU.ActiveCfg = Debug|Any CPU
		{60B9B803-3E2D-4F2F-A0DF-00B9B5DB9878}.Debug|Any CPU.Build.0 = Debug|Any CPU
		{60B9B803-3E2D-4F2F-A0DF-00B9B5DB9878}.Release|Any CPU.ActiveCfg = Release|Any CPU
		{60B9B803-3E2D-4F2F-A0DF-00B9B5DB9878}.Release|Any CPU.Build.0 = Release|Any CPU
		{0BBB55F0-DE44-4448-A570-661E9A60C437}.Debug|Any CPU.ActiveCfg = Debug|Any CPU
		{0BBB55F0-DE44-4448-A570-661E9A60C437}.Debug|Any CPU.Build.0 = Debug|Any CPU
		{0BBB55F0-DE44-4448-A570-661E9A60C437}.Release|Any CPU.ActiveCfg = Release|Any CPU
		{0BBB55F0-DE44-4448-A570-661E9A60C437}.Release|Any CPU.Build.0 = Release|Any CPU
		{CAAC363A-6725-46DB-97C8-70AA087DDC1A}.Debug|Any CPU.ActiveCfg = Debug|Any CPU
		{CAAC363A-6725-46DB-97C8-70AA087DDC1A}.Debug|Any CPU.Build.0 = Debug|Any CPU
		{CAAC363A-6725-46DB-97C8-70AA087DDC1A}.Release|Any CPU.ActiveCfg = Release|Any CPU
		{CAAC363A-6725-46DB-97C8-70AA087DDC1A}.Release|Any CPU.Build.0 = Release|Any CPU
		{3434C7C1-439E-475A-B0E0-074B02723BC1}.Debug|Any CPU.ActiveCfg = Debug|Any CPU
		{3434C7C1-439E-475A-B0E0-074B02723BC1}.Debug|Any CPU.Build.0 = Debug|Any CPU
		{3434C7C1-439E-475A-B0E0-074B02723BC1}.Release|Any CPU.ActiveCfg = Release|Any CPU
		{3434C7C1-439E-475A-B0E0-074B02723BC1}.Release|Any CPU.Build.0 = Release|Any CPU
		{F7E14373-59AA-41A1-841A-966DE0189AC3}.Debug|Any CPU.ActiveCfg = Debug|Any CPU
		{F7E14373-59AA-41A1-841A-966DE0189AC3}.Debug|Any CPU.Build.0 = Debug|Any CPU
		{F7E14373-59AA-41A1-841A-966DE0189AC3}.Release|Any CPU.ActiveCfg = Release|Any CPU
		{F7E14373-59AA-41A1-841A-966DE0189AC3}.Release|Any CPU.Build.0 = Release|Any CPU
		{DAE5EB7B-1E56-4C08-BCE8-882C3CC26399}.Debug|Any CPU.ActiveCfg = Debug|Any CPU
		{DAE5EB7B-1E56-4C08-BCE8-882C3CC26399}.Debug|Any CPU.Build.0 = Debug|Any CPU
		{DAE5EB7B-1E56-4C08-BCE8-882C3CC26399}.Release|Any CPU.ActiveCfg = Release|Any CPU
		{DAE5EB7B-1E56-4C08-BCE8-882C3CC26399}.Release|Any CPU.Build.0 = Release|Any CPU
		{46DCEFEA-95CB-48DE-B91C-E7CF210255A3}.Debug|Any CPU.ActiveCfg = Debug|Any CPU
		{46DCEFEA-95CB-48DE-B91C-E7CF210255A3}.Debug|Any CPU.Build.0 = Debug|Any CPU
		{46DCEFEA-95CB-48DE-B91C-E7CF210255A3}.Release|Any CPU.ActiveCfg = Release|Any CPU
		{46DCEFEA-95CB-48DE-B91C-E7CF210255A3}.Release|Any CPU.Build.0 = Release|Any CPU
		{6C4A4629-D66C-4CA5-A9D5-7302B7F0617A}.Debug|Any CPU.ActiveCfg = Debug|Any CPU
		{6C4A4629-D66C-4CA5-A9D5-7302B7F0617A}.Debug|Any CPU.Build.0 = Debug|Any CPU
		{6C4A4629-D66C-4CA5-A9D5-7302B7F0617A}.Release|Any CPU.ActiveCfg = Release|Any CPU
		{6C4A4629-D66C-4CA5-A9D5-7302B7F0617A}.Release|Any CPU.Build.0 = Release|Any CPU
		{3F53094C-3782-477D-85A3-CACBE7A51A66}.Debug|Any CPU.ActiveCfg = Debug|Any CPU
		{3F53094C-3782-477D-85A3-CACBE7A51A66}.Debug|Any CPU.Build.0 = Debug|Any CPU
		{3F53094C-3782-477D-85A3-CACBE7A51A66}.Release|Any CPU.ActiveCfg = Release|Any CPU
		{3F53094C-3782-477D-85A3-CACBE7A51A66}.Release|Any CPU.Build.0 = Release|Any CPU
		{D590FAC3-9084-4FFC-BEEE-F995E6BE8BF4}.Debug|Any CPU.ActiveCfg = Debug|Any CPU
		{D590FAC3-9084-4FFC-BEEE-F995E6BE8BF4}.Debug|Any CPU.Build.0 = Debug|Any CPU
		{D590FAC3-9084-4FFC-BEEE-F995E6BE8BF4}.Release|Any CPU.ActiveCfg = Release|Any CPU
		{D590FAC3-9084-4FFC-BEEE-F995E6BE8BF4}.Release|Any CPU.Build.0 = Release|Any CPU
		{B1502D0B-714B-4FB6-BA30-DBE999563382}.Debug|Any CPU.ActiveCfg = Debug|Any CPU
		{B1502D0B-714B-4FB6-BA30-DBE999563382}.Debug|Any CPU.Build.0 = Debug|Any CPU
		{B1502D0B-714B-4FB6-BA30-DBE999563382}.Release|Any CPU.ActiveCfg = Release|Any CPU
		{B1502D0B-714B-4FB6-BA30-DBE999563382}.Release|Any CPU.Build.0 = Release|Any CPU
		{BA5AE251-F667-499B-B485-3FF3BB065D77}.Debug|Any CPU.ActiveCfg = Debug|Any CPU
		{BA5AE251-F667-499B-B485-3FF3BB065D77}.Debug|Any CPU.Build.0 = Debug|Any CPU
		{BA5AE251-F667-499B-B485-3FF3BB065D77}.Release|Any CPU.ActiveCfg = Release|Any CPU
		{BA5AE251-F667-499B-B485-3FF3BB065D77}.Release|Any CPU.Build.0 = Release|Any CPU
		{84634AA5-7C96-4DF2-B67C-090DCC831788}.Debug|Any CPU.ActiveCfg = Debug|Any CPU
		{84634AA5-7C96-4DF2-B67C-090DCC831788}.Debug|Any CPU.Build.0 = Debug|Any CPU
		{84634AA5-7C96-4DF2-B67C-090DCC831788}.Release|Any CPU.ActiveCfg = Release|Any CPU
		{84634AA5-7C96-4DF2-B67C-090DCC831788}.Release|Any CPU.Build.0 = Release|Any CPU
		{0E739CD3-681F-4912-85D0-BFB235F14E4D}.Debug|Any CPU.ActiveCfg = Debug|Any CPU
		{0E739CD3-681F-4912-85D0-BFB235F14E4D}.Debug|Any CPU.Build.0 = Debug|Any CPU
		{0E739CD3-681F-4912-85D0-BFB235F14E4D}.Release|Any CPU.ActiveCfg = Release|Any CPU
		{0E739CD3-681F-4912-85D0-BFB235F14E4D}.Release|Any CPU.Build.0 = Release|Any CPU
		{0FD17DFE-93A8-4661-8808-E7A50E3BD91F}.Debug|Any CPU.ActiveCfg = Debug|Any CPU
		{0FD17DFE-93A8-4661-8808-E7A50E3BD91F}.Debug|Any CPU.Build.0 = Debug|Any CPU
		{0FD17DFE-93A8-4661-8808-E7A50E3BD91F}.Release|Any CPU.ActiveCfg = Release|Any CPU
		{0FD17DFE-93A8-4661-8808-E7A50E3BD91F}.Release|Any CPU.Build.0 = Release|Any CPU
		{43136857-4A7B-4B70-BF2A-6E8CA68A574E}.Debug|Any CPU.ActiveCfg = Debug|Any CPU
		{43136857-4A7B-4B70-BF2A-6E8CA68A574E}.Debug|Any CPU.Build.0 = Debug|Any CPU
		{43136857-4A7B-4B70-BF2A-6E8CA68A574E}.Release|Any CPU.ActiveCfg = Release|Any CPU
		{43136857-4A7B-4B70-BF2A-6E8CA68A574E}.Release|Any CPU.Build.0 = Release|Any CPU
		{DA1BCF24-7C2F-4690-9443-603480791F66}.Debug|Any CPU.ActiveCfg = Debug|Any CPU
		{DA1BCF24-7C2F-4690-9443-603480791F66}.Debug|Any CPU.Build.0 = Debug|Any CPU
		{DA1BCF24-7C2F-4690-9443-603480791F66}.Release|Any CPU.ActiveCfg = Release|Any CPU
		{DA1BCF24-7C2F-4690-9443-603480791F66}.Release|Any CPU.Build.0 = Release|Any CPU
		{EB394735-E867-40BE-8661-902BBC5F3B26}.Debug|Any CPU.ActiveCfg = Debug|Any CPU
		{EB394735-E867-40BE-8661-902BBC5F3B26}.Debug|Any CPU.Build.0 = Debug|Any CPU
		{EB394735-E867-40BE-8661-902BBC5F3B26}.Release|Any CPU.ActiveCfg = Release|Any CPU
		{EB394735-E867-40BE-8661-902BBC5F3B26}.Release|Any CPU.Build.0 = Release|Any CPU
		{A4CEC54E-7A62-4C42-94BE-3C4163ECEDAE}.Debug|Any CPU.ActiveCfg = Debug|Any CPU
		{A4CEC54E-7A62-4C42-94BE-3C4163ECEDAE}.Debug|Any CPU.Build.0 = Debug|Any CPU
		{A4CEC54E-7A62-4C42-94BE-3C4163ECEDAE}.Release|Any CPU.ActiveCfg = Release|Any CPU
		{A4CEC54E-7A62-4C42-94BE-3C4163ECEDAE}.Release|Any CPU.Build.0 = Release|Any CPU
		{1F092DF4-CA3B-443E-949F-F8F98CBD31CE}.Debug|Any CPU.ActiveCfg = Debug|Any CPU
		{1F092DF4-CA3B-443E-949F-F8F98CBD31CE}.Debug|Any CPU.Build.0 = Debug|Any CPU
		{1F092DF4-CA3B-443E-949F-F8F98CBD31CE}.Release|Any CPU.ActiveCfg = Release|Any CPU
		{1F092DF4-CA3B-443E-949F-F8F98CBD31CE}.Release|Any CPU.Build.0 = Release|Any CPU
		{3FF7DDA6-8486-4049-B34E-67D92D5B472F}.Debug|Any CPU.ActiveCfg = Debug|Any CPU
		{3FF7DDA6-8486-4049-B34E-67D92D5B472F}.Debug|Any CPU.Build.0 = Debug|Any CPU
		{3FF7DDA6-8486-4049-B34E-67D92D5B472F}.Release|Any CPU.ActiveCfg = Release|Any CPU
		{3FF7DDA6-8486-4049-B34E-67D92D5B472F}.Release|Any CPU.Build.0 = Release|Any CPU
		{081AB33E-2388-4835-A3F7-2008FC3CA2DD}.Debug|Any CPU.ActiveCfg = Debug|Any CPU
		{081AB33E-2388-4835-A3F7-2008FC3CA2DD}.Debug|Any CPU.Build.0 = Debug|Any CPU
		{081AB33E-2388-4835-A3F7-2008FC3CA2DD}.Release|Any CPU.ActiveCfg = Release|Any CPU
		{081AB33E-2388-4835-A3F7-2008FC3CA2DD}.Release|Any CPU.Build.0 = Release|Any CPU
		{85A7540A-CF16-4750-B235-28A42DF70D0A}.Debug|Any CPU.ActiveCfg = Debug|Any CPU
		{85A7540A-CF16-4750-B235-28A42DF70D0A}.Debug|Any CPU.Build.0 = Debug|Any CPU
		{85A7540A-CF16-4750-B235-28A42DF70D0A}.Release|Any CPU.ActiveCfg = Release|Any CPU
		{85A7540A-CF16-4750-B235-28A42DF70D0A}.Release|Any CPU.Build.0 = Release|Any CPU
		{44C7002B-36E6-4000-8F4F-029B2F5E6DFC}.Debug|Any CPU.ActiveCfg = Debug|Any CPU
		{44C7002B-36E6-4000-8F4F-029B2F5E6DFC}.Debug|Any CPU.Build.0 = Debug|Any CPU
		{44C7002B-36E6-4000-8F4F-029B2F5E6DFC}.Release|Any CPU.ActiveCfg = Release|Any CPU
		{44C7002B-36E6-4000-8F4F-029B2F5E6DFC}.Release|Any CPU.Build.0 = Release|Any CPU
		{78C5B425-D485-488B-84E3-4D742312E6E7}.Debug|Any CPU.ActiveCfg = Debug|Any CPU
		{78C5B425-D485-488B-84E3-4D742312E6E7}.Debug|Any CPU.Build.0 = Debug|Any CPU
		{78C5B425-D485-488B-84E3-4D742312E6E7}.Release|Any CPU.ActiveCfg = Release|Any CPU
		{78C5B425-D485-488B-84E3-4D742312E6E7}.Release|Any CPU.Build.0 = Release|Any CPU
		{3DF2A44B-BE89-4FFD-9BA2-FD17F0B6392B}.Debug|Any CPU.ActiveCfg = Debug|Any CPU
		{3DF2A44B-BE89-4FFD-9BA2-FD17F0B6392B}.Debug|Any CPU.Build.0 = Debug|Any CPU
		{3DF2A44B-BE89-4FFD-9BA2-FD17F0B6392B}.Release|Any CPU.ActiveCfg = Release|Any CPU
		{3DF2A44B-BE89-4FFD-9BA2-FD17F0B6392B}.Release|Any CPU.Build.0 = Release|Any CPU
		{7866B413-79BC-47D7-95B2-34DB887EBCD1}.Debug|Any CPU.ActiveCfg = Debug|Any CPU
		{7866B413-79BC-47D7-95B2-34DB887EBCD1}.Debug|Any CPU.Build.0 = Debug|Any CPU
		{7866B413-79BC-47D7-95B2-34DB887EBCD1}.Release|Any CPU.ActiveCfg = Release|Any CPU
		{7866B413-79BC-47D7-95B2-34DB887EBCD1}.Release|Any CPU.Build.0 = Release|Any CPU
		{99CFC3FC-F8D5-406F-8970-C6989B95E096}.Debug|Any CPU.ActiveCfg = Debug|Any CPU
		{99CFC3FC-F8D5-406F-8970-C6989B95E096}.Debug|Any CPU.Build.0 = Debug|Any CPU
		{99CFC3FC-F8D5-406F-8970-C6989B95E096}.Release|Any CPU.ActiveCfg = Release|Any CPU
		{99CFC3FC-F8D5-406F-8970-C6989B95E096}.Release|Any CPU.Build.0 = Release|Any CPU
		{BB07069D-9D54-430F-94F1-E8E5973B5886}.Debug|Any CPU.ActiveCfg = Debug|Any CPU
		{BB07069D-9D54-430F-94F1-E8E5973B5886}.Debug|Any CPU.Build.0 = Debug|Any CPU
		{BB07069D-9D54-430F-94F1-E8E5973B5886}.Release|Any CPU.ActiveCfg = Release|Any CPU
		{BB07069D-9D54-430F-94F1-E8E5973B5886}.Release|Any CPU.Build.0 = Release|Any CPU
		{051C1A73-01D8-4C9F-937D-29E0C21EE670}.Debug|Any CPU.ActiveCfg = Debug|Any CPU
		{051C1A73-01D8-4C9F-937D-29E0C21EE670}.Debug|Any CPU.Build.0 = Debug|Any CPU
		{051C1A73-01D8-4C9F-937D-29E0C21EE670}.Release|Any CPU.ActiveCfg = Release|Any CPU
		{051C1A73-01D8-4C9F-937D-29E0C21EE670}.Release|Any CPU.Build.0 = Release|Any CPU
		{D9ACD12A-F5C2-485E-B6B1-C53DBDBAA952}.Debug|Any CPU.ActiveCfg = Debug|Any CPU
		{D9ACD12A-F5C2-485E-B6B1-C53DBDBAA952}.Debug|Any CPU.Build.0 = Debug|Any CPU
		{D9ACD12A-F5C2-485E-B6B1-C53DBDBAA952}.Release|Any CPU.ActiveCfg = Release|Any CPU
		{D9ACD12A-F5C2-485E-B6B1-C53DBDBAA952}.Release|Any CPU.Build.0 = Release|Any CPU
		{2E408128-152B-48D5-80F7-AEDEB9D9899B}.Debug|Any CPU.ActiveCfg = Debug|Any CPU
		{2E408128-152B-48D5-80F7-AEDEB9D9899B}.Debug|Any CPU.Build.0 = Debug|Any CPU
		{2E408128-152B-48D5-80F7-AEDEB9D9899B}.Release|Any CPU.ActiveCfg = Release|Any CPU
		{2E408128-152B-48D5-80F7-AEDEB9D9899B}.Release|Any CPU.Build.0 = Release|Any CPU
		{28DDCAF4-5750-4758-8C4F-96F74456517E}.Debug|Any CPU.ActiveCfg = Debug|Any CPU
		{28DDCAF4-5750-4758-8C4F-96F74456517E}.Debug|Any CPU.Build.0 = Debug|Any CPU
		{28DDCAF4-5750-4758-8C4F-96F74456517E}.Release|Any CPU.ActiveCfg = Release|Any CPU
		{28DDCAF4-5750-4758-8C4F-96F74456517E}.Release|Any CPU.Build.0 = Release|Any CPU
		{C938041B-D3F5-4CF6-8D01-9457918A2BA6}.Debug|Any CPU.ActiveCfg = Debug|Any CPU
		{C938041B-D3F5-4CF6-8D01-9457918A2BA6}.Debug|Any CPU.Build.0 = Debug|Any CPU
		{C938041B-D3F5-4CF6-8D01-9457918A2BA6}.Release|Any CPU.ActiveCfg = Release|Any CPU
		{C938041B-D3F5-4CF6-8D01-9457918A2BA6}.Release|Any CPU.Build.0 = Release|Any CPU
		{B5C75CC9-D147-4C06-A5FB-D161E852DAD3}.Debug|Any CPU.ActiveCfg = Debug|Any CPU
		{B5C75CC9-D147-4C06-A5FB-D161E852DAD3}.Debug|Any CPU.Build.0 = Debug|Any CPU
		{B5C75CC9-D147-4C06-A5FB-D161E852DAD3}.Release|Any CPU.ActiveCfg = Release|Any CPU
		{B5C75CC9-D147-4C06-A5FB-D161E852DAD3}.Release|Any CPU.Build.0 = Release|Any CPU
		{93538783-B5C7-4B8D-B055-FC5011D64832}.Debug|Any CPU.ActiveCfg = Debug|Any CPU
		{93538783-B5C7-4B8D-B055-FC5011D64832}.Debug|Any CPU.Build.0 = Debug|Any CPU
		{93538783-B5C7-4B8D-B055-FC5011D64832}.Release|Any CPU.ActiveCfg = Release|Any CPU
		{93538783-B5C7-4B8D-B055-FC5011D64832}.Release|Any CPU.Build.0 = Release|Any CPU
		{8FA83E66-A3CF-44C9-BBD5-4AB6F7CB5B43}.Debug|Any CPU.ActiveCfg = Debug|Any CPU
		{8FA83E66-A3CF-44C9-BBD5-4AB6F7CB5B43}.Debug|Any CPU.Build.0 = Debug|Any CPU
		{8FA83E66-A3CF-44C9-BBD5-4AB6F7CB5B43}.Release|Any CPU.ActiveCfg = Release|Any CPU
		{8FA83E66-A3CF-44C9-BBD5-4AB6F7CB5B43}.Release|Any CPU.Build.0 = Release|Any CPU
	EndGlobalSection
	GlobalSection(NestedProjects) = preSolution
		{3B4E548A-E9A1-42EC-A158-28A44E541106} = {64D1B47A-6FE0-4E13-A826-A0FBD03B2882}
		{44BE92F1-CE16-46BC-91A0-A9F87118F07E} = {64D1B47A-6FE0-4E13-A826-A0FBD03B2882}
		{A6C0E42F-0050-4072-BBE8-5159C19D58FF} = {64D1B47A-6FE0-4E13-A826-A0FBD03B2882}
		{048461D2-2F48-41C3-AECD-675BCC0CBA82} = {64D1B47A-6FE0-4E13-A826-A0FBD03B2882}
		{3600DE20-78A1-4B7A-A5EF-FF9B4C786460} = {64D1B47A-6FE0-4E13-A826-A0FBD03B2882}
		{73266A22-CC42-4707-93DD-11D6C5FB6EAE} = {64D1B47A-6FE0-4E13-A826-A0FBD03B2882}
		{6550CB3A-3BFE-44DA-829B-A2CF20431DEB} = {64D1B47A-6FE0-4E13-A826-A0FBD03B2882}
		{3F414BE9-A28A-4745-8D9C-24B9BB57AC78} = {64D1B47A-6FE0-4E13-A826-A0FBD03B2882}
		{E1B28C8D-B81E-4E9F-AF44-A962899C3BF0} = {64D1B47A-6FE0-4E13-A826-A0FBD03B2882}
		{87075D8B-4C6B-43E6-A87B-FE27A79E0151} = {64D1B47A-6FE0-4E13-A826-A0FBD03B2882}
		{65E26217-0B1C-4BAC-BD50-83B6935E2777} = {64D1B47A-6FE0-4E13-A826-A0FBD03B2882}
		{E099934B-709E-4136-8AAC-A12C796426A9} = {64D1B47A-6FE0-4E13-A826-A0FBD03B2882}
		{233ADAF4-F6B0-4D4E-82BB-F825A0E9D3F5} = {64D1B47A-6FE0-4E13-A826-A0FBD03B2882}
		{60B9B803-3E2D-4F2F-A0DF-00B9B5DB9878} = {64D1B47A-6FE0-4E13-A826-A0FBD03B2882}
		{0BBB55F0-DE44-4448-A570-661E9A60C437} = {64D1B47A-6FE0-4E13-A826-A0FBD03B2882}
		{CAAC363A-6725-46DB-97C8-70AA087DDC1A} = {64D1B47A-6FE0-4E13-A826-A0FBD03B2882}
		{3434C7C1-439E-475A-B0E0-074B02723BC1} = {64D1B47A-6FE0-4E13-A826-A0FBD03B2882}
		{F7E14373-59AA-41A1-841A-966DE0189AC3} = {64D1B47A-6FE0-4E13-A826-A0FBD03B2882}
		{DAE5EB7B-1E56-4C08-BCE8-882C3CC26399} = {64D1B47A-6FE0-4E13-A826-A0FBD03B2882}
		{46DCEFEA-95CB-48DE-B91C-E7CF210255A3} = {64D1B47A-6FE0-4E13-A826-A0FBD03B2882}
		{6C4A4629-D66C-4CA5-A9D5-7302B7F0617A} = {64D1B47A-6FE0-4E13-A826-A0FBD03B2882}
		{3F53094C-3782-477D-85A3-CACBE7A51A66} = {64D1B47A-6FE0-4E13-A826-A0FBD03B2882}
		{D590FAC3-9084-4FFC-BEEE-F995E6BE8BF4} = {64D1B47A-6FE0-4E13-A826-A0FBD03B2882}
		{B1502D0B-714B-4FB6-BA30-DBE999563382} = {64D1B47A-6FE0-4E13-A826-A0FBD03B2882}
		{BA5AE251-F667-499B-B485-3FF3BB065D77} = {64D1B47A-6FE0-4E13-A826-A0FBD03B2882}
		{84634AA5-7C96-4DF2-B67C-090DCC831788} = {0F0FD7DC-795F-427B-BDDB-BB6BD82CA739}
		{0E739CD3-681F-4912-85D0-BFB235F14E4D} = {0F0FD7DC-795F-427B-BDDB-BB6BD82CA739}
		{0FD17DFE-93A8-4661-8808-E7A50E3BD91F} = {0F0FD7DC-795F-427B-BDDB-BB6BD82CA739}
		{43136857-4A7B-4B70-BF2A-6E8CA68A574E} = {0F0FD7DC-795F-427B-BDDB-BB6BD82CA739}
		{DA1BCF24-7C2F-4690-9443-603480791F66} = {0F0FD7DC-795F-427B-BDDB-BB6BD82CA739}
		{EB394735-E867-40BE-8661-902BBC5F3B26} = {0F0FD7DC-795F-427B-BDDB-BB6BD82CA739}
		{A4CEC54E-7A62-4C42-94BE-3C4163ECEDAE} = {0F0FD7DC-795F-427B-BDDB-BB6BD82CA739}
		{1F092DF4-CA3B-443E-949F-F8F98CBD31CE} = {0F0FD7DC-795F-427B-BDDB-BB6BD82CA739}
		{3FF7DDA6-8486-4049-B34E-67D92D5B472F} = {0F0FD7DC-795F-427B-BDDB-BB6BD82CA739}
		{081AB33E-2388-4835-A3F7-2008FC3CA2DD} = {0F0FD7DC-795F-427B-BDDB-BB6BD82CA739}
		{85A7540A-CF16-4750-B235-28A42DF70D0A} = {0F0FD7DC-795F-427B-BDDB-BB6BD82CA739}
		{44C7002B-36E6-4000-8F4F-029B2F5E6DFC} = {0F0FD7DC-795F-427B-BDDB-BB6BD82CA739}
		{78C5B425-D485-488B-84E3-4D742312E6E7} = {0F0FD7DC-795F-427B-BDDB-BB6BD82CA739}
		{3DF2A44B-BE89-4FFD-9BA2-FD17F0B6392B} = {0F0FD7DC-795F-427B-BDDB-BB6BD82CA739}
		{7866B413-79BC-47D7-95B2-34DB887EBCD1} = {0F0FD7DC-795F-427B-BDDB-BB6BD82CA739}
		{99CFC3FC-F8D5-406F-8970-C6989B95E096} = {0F0FD7DC-795F-427B-BDDB-BB6BD82CA739}
		{BB07069D-9D54-430F-94F1-E8E5973B5886} = {0F0FD7DC-795F-427B-BDDB-BB6BD82CA739}
		{051C1A73-01D8-4C9F-937D-29E0C21EE670} = {0F0FD7DC-795F-427B-BDDB-BB6BD82CA739}
		{D9ACD12A-F5C2-485E-B6B1-C53DBDBAA952} = {0F0FD7DC-795F-427B-BDDB-BB6BD82CA739}
		{2E408128-152B-48D5-80F7-AEDEB9D9899B} = {0F0FD7DC-795F-427B-BDDB-BB6BD82CA739}
		{28DDCAF4-5750-4758-8C4F-96F74456517E} = {0F0FD7DC-795F-427B-BDDB-BB6BD82CA739}
		{C938041B-D3F5-4CF6-8D01-9457918A2BA6} = {0F0FD7DC-795F-427B-BDDB-BB6BD82CA739}
		{B5C75CC9-D147-4C06-A5FB-D161E852DAD3} = {0F0FD7DC-795F-427B-BDDB-BB6BD82CA739}
		{93538783-B5C7-4B8D-B055-FC5011D64832} = {0F0FD7DC-795F-427B-BDDB-BB6BD82CA739}
		{8FA83E66-A3CF-44C9-BBD5-4AB6F7CB5B43} = {0F0FD7DC-795F-427B-BDDB-BB6BD82CA739}
	EndGlobalSection
EndGlobal
